github.com/arillso/go.ansible v1.0.0 h1:kuRO8WSsuvjgTWn/7H10SaJ8F0W3CGw90djKcEa9GcY=
github.com/arillso/go.ansible v1.0.0/go.mod h1:mz6MXVIYaoMyzqsS00l4jeIx+hGN0YEvZgG9oNGJPaI=
github.com/cpuguy83/go-md2man/v2 v2.0.6/go.mod h1:oOW0eioCTA6cOiMLiUPZOpcVxMig6NIQQ7OS05n1F4g=
github.com/joho/godotenv v1.5.1 h1:7eLL/+HRGLY0ldzfGMeQkb7vMd0as4CfYvUVzLqw0N0=
github.com/joho/godotenv v1.5.1/go.mod h1:f4LDr5Voq0i2e/R5DDNOoa2zzDfwtkZa6DnEwAbqwq4=
github.com/pkg/errors v0.9.1 h1:FEBLx1zS214owpjy7qsBeixbURkuhQAwrK5UwLGTwt4=
github.com/pkg/errors v0.9.1/go.mod h1:bwawxfHBFNV+L2hUp1rHADufV3IMtnDRdf1r5NINEl0=
github.com/russross/blackfriday/v2 v2.1.0/go.mod h1:+Rmxgy9KzJVeS9/2gXHxylqXiyQDYRxCVz55jmeOWTM=
github.com/urfave/cli/v3 v3.3.2 h1:BYFVnhhZ8RqT38DxEYVFPPmGFTEf7tJwySTXsVRrS/o=
github.com/urfave/cli/v3 v3.3.2/go.mod h1:FJSKtM/9AiiTOJL4fJ6TbMUkxBXn7GO9guZqoZtpYpo=
github.com/urfave/cli/v3 v3.3.3 h1:byCBaVdIXuLPIDm5CYZRVG6NvT7tv1ECqdU4YzlEa3I=
github.com/urfave/cli/v3 v3.3.3/go.mod h1:FJSKtM/9AiiTOJL4fJ6TbMUkxBXn7GO9guZqoZtpYpo=
github.com/urfave/cli/v3 v3.3.7 h1:fjclBMhyZ+7+q6dW6lkuyejZWyqdfLLSb9CN0ODe8tU=
github.com/urfave/cli/v3 v3.3.7/go.mod h1:FJSKtM/9AiiTOJL4fJ6TbMUkxBXn7GO9guZqoZtpYpo=
github.com/urfave/cli/v3 v3.3.8 h1:BzolUExliMdet9NlJ/u4m5vHSotJ3PzEqSAZ1oPMa/E=
github.com/urfave/cli/v3 v3.3.8/go.mod h1:FJSKtM/9AiiTOJL4fJ6TbMUkxBXn7GO9guZqoZtpYpo=
github.com/xrash/smetrics v0.0.0-20240521201337-686a1a2994c1/go.mod h1:Ohn+xnUBiLI6FVj/9LpzZWtj1/D6lUovWYBkxHVV3aM=
